
Microsoft Visual Studio Solution File, Format Version 12.00
# Visual Studio 15
VisualStudioVersion = 15.0.27703.2042
MinimumVisualStudioVersion = 10.0.40219.1
Project("{8BC9CEB8-8B4A-11D0-8D11-00A0C91BC942}") = "Sandbox", "Sandbox\Sandbox.vcxproj", "{2327962B-A1DB-4146-8C66-086DEC18EB66}"
EndProject
Project("{8BC9CEB8-8B4A-11D0-8D11-00A0C91BC942}") = "Hazel", "Hazel\Hazel.vcxproj", "{022C3274-5846-4302-9BA6-C6150E721E29}"
EndProject
Global
	GlobalSection(SolutionConfigurationPlatforms) = preSolution
		Debug|x64 = Debug|x64
		Release|x64 = Release|x64
	EndGlobalSection
	GlobalSection(ProjectConfigurationPlatforms) = postSolution
		{022C3274-5846-4302-9BA6-C6150E721E29}.Debug|x64.ActiveCfg = Debug|x64
		{022C3274-5846-4302-9BA6-C6150E721E29}.Debug|x64.Build.0 = Debug|x64
		{022C3274-5846-4302-9BA6-C6150E721E29}.Release|x64.ActiveCfg = Release|x64
		{022C3274-5846-4302-9BA6-C6150E721E29}.Release|x64.Build.0 = Release|x64
		{2327962B-A1DB-4146-8C66-086DEC18EB66}.Debug|x64.ActiveCfg = Debug|x64
		{2327962B-A1DB-4146-8C66-086DEC18EB66}.Debug|x64.Build.0 = Debug|x64
		{2327962B-A1DB-4146-8C66-086DEC18EB66}.Release|x64.ActiveCfg = Release|x64
		{2327962B-A1DB-4146-8C66-086DEC18EB66}.Release|x64.Build.0 = Release|x64
	EndGlobalSection
	GlobalSection(SolutionProperties) = preSolution
		HideSolutionNode = FALSE
	EndGlobalSection
	GlobalSection(ExtensibilityGlobals) = postSolution
		SolutionGuid = {D5D2BA26-663D-4ADF-9721-A0EF0DD91C62}
	EndGlobalSection
EndGlobal
